
Microsoft Visual Studio Solution File, Format Version 12.00
# Visual Studio Version 17
VisualStudioVersion = 17.9.34714.143
MinimumVisualStudioVersion = 10.0.40219.1
Project("{9A19103F-16F7-4668-BE54-9A1E7A4F7556}") = "UniMates.Api", "UniMates.Api\UniMates.Api.csproj", "{573B3494-9F5C-4B69-B252-A77ABAEBE053}"
EndProject
Project("{9A19103F-16F7-4668-BE54-9A1E7A4F7556}") = "UniMates.Domain", "UniMates.Domain\UniMates.Domain.csproj", "{784D1FEB-5D39-4D20-9365-73342F728CDF}"
EndProject
Project("{9A19103F-16F7-4668-BE54-9A1E7A4F7556}") = "UniMates.Models", "UniMates.Models\UniMates.Models.csproj", "{AF344007-15D7-4BE2-8749-B30DE7B5FA0B}"
EndProject
Project("{FAE04EC0-301F-11D3-BF4B-00C04F79EFBC}") = "UniMates.Infrastructure", "UniMates.Infrastructure\UniMates.Infrastructure.csproj", "{504DC037-3614-48BD-A736-8EAB90548431}"
EndProject
Project("{FAE04EC0-301F-11D3-BF4B-00C04F79EFBC}") = "UniMates.Dtos", "UniMates.Dtos\UniMates.Dtos.csproj", "{DA5719FD-711D-4CD6-AAB8-93782FC1483F}"
EndProject
Global
	GlobalSection(SolutionConfigurationPlatforms) = preSolution
		Debug|Any CPU = Debug|Any CPU
		Release|Any CPU = Release|Any CPU
	EndGlobalSection
	GlobalSection(ProjectConfigurationPlatforms) = postSolution
		{573B3494-9F5C-4B69-B252-A77ABAEBE053}.Debug|Any CPU.ActiveCfg = Debug|Any CPU
		{573B3494-9F5C-4B69-B252-A77ABAEBE053}.Debug|Any CPU.Build.0 = Debug|Any CPU
		{573B3494-9F5C-4B69-B252-A77ABAEBE053}.Release|Any CPU.ActiveCfg = Release|Any CPU
		{573B3494-9F5C-4B69-B252-A77ABAEBE053}.Release|Any CPU.Build.0 = Release|Any CPU
		{784D1FEB-5D39-4D20-9365-73342F728CDF}.Debug|Any CPU.ActiveCfg = Debug|Any CPU
		{784D1FEB-5D39-4D20-9365-73342F728CDF}.Debug|Any CPU.Build.0 = Debug|Any CPU
		{784D1FEB-5D39-4D20-9365-73342F728CDF}.Release|Any CPU.ActiveCfg = Release|Any CPU
		{784D1FEB-5D39-4D20-9365-73342F728CDF}.Release|Any CPU.Build.0 = Release|Any CPU
		{AF344007-15D7-4BE2-8749-B30DE7B5FA0B}.Debug|Any CPU.ActiveCfg = Debug|Any CPU
		{AF344007-15D7-4BE2-8749-B30DE7B5FA0B}.Debug|Any CPU.Build.0 = Debug|Any CPU
		{AF344007-15D7-4BE2-8749-B30DE7B5FA0B}.Release|Any CPU.ActiveCfg = Release|Any CPU
		{AF344007-15D7-4BE2-8749-B30DE7B5FA0B}.Release|Any CPU.Build.0 = Release|Any CPU
		{504DC037-3614-48BD-A736-8EAB90548431}.Debug|Any CPU.ActiveCfg = Debug|Any CPU
		{504DC037-3614-48BD-A736-8EAB90548431}.Debug|Any CPU.Build.0 = Debug|Any CPU
		{504DC037-3614-48BD-A736-8EAB90548431}.Release|Any CPU.ActiveCfg = Release|Any CPU
		{504DC037-3614-48BD-A736-8EAB90548431}.Release|Any CPU.Build.0 = Release|Any CPU
		{DA5719FD-711D-4CD6-AAB8-93782FC1483F}.Debug|Any CPU.ActiveCfg = Debug|Any CPU
		{DA5719FD-711D-4CD6-AAB8-93782FC1483F}.Debug|Any CPU.Build.0 = Debug|Any CPU
		{DA5719FD-711D-4CD6-AAB8-93782FC1483F}.Release|Any CPU.ActiveCfg = Release|Any CPU
		{DA5719FD-711D-4CD6-AAB8-93782FC1483F}.Release|Any CPU.Build.0 = Release|Any CPU
	EndGlobalSection
	GlobalSection(SolutionProperties) = preSolution
		HideSolutionNode = FALSE
	EndGlobalSection
	GlobalSection(ExtensibilityGlobals) = postSolution
		SolutionGuid = {93892260-1F45-4FAD-A307-56281B5A4180}
	EndGlobalSection
EndGlobal
